{
  "lockfileVersion": 1,
  "configVersion": 1,
  "workspaces": {
    "": {
      "name": "workerbee",
      "dependencies": {
        "@clack/prompts": "^1.0.0",
        "@kazibee/core": "git+ssh://git@github.com/kazibee/kazibee-core.git#v0.1.0",
        "@noego/ioc": "^0.2.1",
        "@noego/logger": "^0.0.2",
        "commander": "^12.1.0",
        "reflect-metadata": "^0.2.2",
      },
      "devDependencies": {
        "@types/bun": "latest",
        "typescript": "^5.3.0",
      },
    },
  },
  "packages": {
    "@clack/core": ["@clack/core@1.0.0", "", { "dependencies": { "picocolors": "^1.0.0", "sisteransi": "^1.0.5" } }, "sha512-Orf9Ltr5NeiEuVJS8Rk2XTw3IxNC2Bic3ash7GgYeA8LJ/zmSNpSQ/m5UAhe03lA6KFgklzZ5KTHs4OAMA/SAQ=="],

    "@clack/prompts": ["@clack/prompts@1.0.0", "", { "dependencies": { "@clack/core": "1.0.0", "picocolors": "^1.0.0", "sisteransi": "^1.0.5" } }, "sha512-rWPXg9UaCFqErJVQ+MecOaWsozjaxol4yjnmYcGNipAWzdaWa2x+VJmKfGq7L0APwBohQOYdHC+9RO4qRXej+A=="],

    "@kazibee/core": ["@kazibee/core@git+ssh://git@github.com/kazibee/kazibee-core.git#f387053c630b4576f6bece0ffd6b62b6adfdd7fc", { "dependencies": { "typescript": "^5.3.0" } }, "f387053c630b4576f6bece0ffd6b62b6adfdd7fc"],

    "@noego/ioc": ["@noego/ioc@0.2.3", "", { "dependencies": { "@types/node": "^20.10.4", "@types/randomstring": "^1.1.11", "@types/reflect-metadata": "^0.0.5", "randomstring": "^1.3.0", "reflect-metadata": "^0.2.2" } }, "sha512-Ke+oigGEYboicKtPRhxMNEXJy6KxC6fllVXFKkcOj3R/rufXedNlWASMoQAJdFcjS1ZxArKvsaH+G5k66tACXQ=="],

    "@noego/logger": ["@noego/logger@0.0.2", "", { "peerDependencies": { "@noego/ioc": "*" }, "optionalPeers": ["@noego/ioc"] }, "sha512-Sg2MDb3R/pCBGlKS/Jfc9ZHJt8iU/FiUfY7GP5j1ZHyhKWLIF4ot0bbVM8EQyHGmoIJR81VFB+2Rjy7jmONXQQ=="],

    "@types/bun": ["@types/bun@1.3.8", "", { "dependencies": { "bun-types": "1.3.8" } }, "sha512-3LvWJ2q5GerAXYxO2mffLTqOzEu5qnhEAlh48Vnu8WQfnmSwbgagjGZV6BoHKJztENYEDn6QmVd949W4uESRJA=="],

    "@types/node": ["@types/node@20.19.32", "", { "dependencies": { "undici-types": "~6.21.0" } }, "sha512-Ez8QE4DMfhjjTsES9K2dwfV258qBui7qxUsoaixZDiTzbde4U12e1pXGNu/ECsUIOi5/zoCxAQxIhQnaUQ2VvA=="],

    "@types/randomstring": ["@types/randomstring@1.3.0", "", {}, "sha512-kCP61wludjY7oNUeFiMxfswHB3Wn/aC03Cu82oQsNTO6OCuhVN/rCbBs68Cq6Nkgjmp2Sh3Js6HearJPkk7KQA=="],

    "@types/reflect-metadata": ["@types/reflect-metadata@0.0.5", "", {}, "sha512-+tH+0HWHs23S4h0dl0zG8ZXIo6O9YHWOtqcOWFcBSSFS93LqIi3xfv7XXQ0eABYxXBFQxKJR49xunLNnU5he9g=="],

    "bun-types": ["bun-types@1.3.8", "", { "dependencies": { "@types/node": "*" } }, "sha512-fL99nxdOWvV4LqjmC+8Q9kW3M4QTtTR1eePs94v5ctGqU8OeceWrSUaRw3JYb7tU3FkMIAjkueehrHPPPGKi5Q=="],

    "commander": ["commander@12.1.0", "", {}, "sha512-Vw8qHK3bZM9y/P10u3Vib8o/DdkvA2OtPtZvD871QKjy74Wj1WSKFILMPRPSdUSx5RFK1arlJzEtA4PkFgnbuA=="],

    "picocolors": ["picocolors@1.1.1", "", {}, "sha512-xceH2snhtb5M9liqDsmEw56le376mTZkEX/jEb/RxNFyegNul7eNslCXP9FDj/Lcu0X8KEyMceP2ntpaHrDEVA=="],

    "randombytes": ["randombytes@2.1.0", "", { "dependencies": { "safe-buffer": "^5.1.0" } }, "sha512-vYl3iOX+4CKUWuxGi9Ukhie6fsqXqS9FE2Zaic4tNFD2N2QQaXOMFbuKK4QmDHC0JO6B1Zp41J0LpT0oR68amQ=="],

    "randomstring": ["randomstring@1.3.1", "", { "dependencies": { "randombytes": "2.1.0" }, "bin": { "randomstring": "bin/randomstring" } }, "sha512-lgXZa80MUkjWdE7g2+PZ1xDLzc7/RokXVEQOv5NN2UOTChW1I8A9gha5a9xYBOqgaSoI6uJikDmCU8PyRdArRQ=="],

    "reflect-metadata": ["reflect-metadata@0.2.2", "", {}, "sha512-urBwgfrvVP/eAyXx4hluJivBKzuEbSQs9rKWCrCkbSxNv8mxPcUZKeuoF3Uy4mJl3Lwprp6yy5/39VWigZ4K6Q=="],

    "safe-buffer": ["safe-buffer@5.2.1", "", {}, "sha512-rp3So07KcdmmKbGvgaNxQSJr7bGVSVk5S9Eq1F+ppbRo70+YeaDxkw5Dd8NPN+GD6bjnYm2VuPuCXmpuYvmCXQ=="],

    "sisteransi": ["sisteransi@1.0.5", "", {}, "sha512-bLGGlR1QxBcynn2d5YmDX4MGjlZvy2MRBDRNHLJ8VI6l6+9FUiyTFNJ0IveOSP0bcXgVDPRcfGqA0pjaqUpfVg=="],

    "typescript": ["typescript@5.9.3", "", { "bin": { "tsc": "bin/tsc", "tsserver": "bin/tsserver" } }, "sha512-jl1vZzPDinLr9eUt3J/t7V6FgNEw9QjvBPdysz9KfQDD41fQrC2Y4vKQdiaUpFT4bXlb1RHhLpp8wtm6M5TgSw=="],

    "undici-types": ["undici-types@6.21.0", "", {}, "sha512-iwDZqg0QAGrg9Rav5H4n0M64c3mkR59cJ6wQp+7C4nI0gsmExaedaYLNO44eT4AtBBwjbTiGPMlt2Md0T9H9JQ=="],
  }
}
